// !$*UTF8*$!
{
	archiveVersion = 1;
	classes = {
	};
	objectVersion = 47;
	objects = {

/* Begin PBXBuildFile section */
		DA8648901C048B75001858C2 /* MobileDeviceFingerprint.framework in Frameworks */ = {isa = PBXBuildFile; fileRef = DA86488F1C048B75001858C2 /* MobileDeviceFingerprint.framework */; };
		DA8648911C048B7E001858C2 /* MobileDeviceFingerprint.framework in Embed Frameworks */ = {isa = PBXBuildFile; fileRef = DA86488F1C048B75001858C2 /* MobileDeviceFingerprint.framework */; settings = {ATTRIBUTES = (CodeSignOnCopy, RemoveHeadersOnCopy, ); }; };
		DAEB41521BF672E200B7C44B /* AppDelegate.swift in Sources */ = {isa = PBXBuildFile; fileRef = DAEB41511BF672E200B7C44B /* AppDelegate.swift */; };
		DAEB41541BF672E200B7C44B /* ViewController.swift in Sources */ = {isa = PBXBuildFile; fileRef = DAEB41531BF672E200B7C44B /* ViewController.swift */; };
		DAEB41571BF672E200B7C44B /* Main.storyboard in Resources */ = {isa = PBXBuildFile; fileRef = DAEB41551BF672E200B7C44B /* Main.storyboard */; };
		DAEB41591BF672E300B7C44B /* Assets.xcassets in Resources */ = {isa = PBXBuildFile; fileRef = DAEB41581BF672E300B7C44B /* Assets.xcassets */; };
		DAEB415C1BF672E300B7C44B /* LaunchScreen.storyboard in Resources */ = {isa = PBXBuildFile; fileRef = DAEB415A1BF672E300B7C44B /* LaunchScreen.storyboard */; };
		DAEB41671BF672E300B7C44B /* DeviceFingerprintMark1Tests.swift in Sources */ = {isa = PBXBuildFile; fileRef = DAEB41661BF672E300B7C44B /* DeviceFingerprintMark1Tests.swift */; };
		DAEB41741BFB50F800B7C44B /* DeviceGuru.swift in Sources */ = {isa = PBXBuildFile; fileRef = DAEB41731BFB50F800B7C44B /* DeviceGuru.swift */; };
/* End PBXBuildFile section */

/* Begin PBXContainerItemProxy section */
		DAEB41631BF672E300B7C44B /* PBXContainerItemProxy */ = {
			isa = PBXContainerItemProxy;
			containerPortal = DAEB41461BF672E200B7C44B /* Project object */;
			proxyType = 1;
			remoteGlobalIDString = DAEB414D1BF672E200B7C44B;
			remoteInfo = DeviceFingerprintMark1;
		};
/* End PBXContainerItemProxy section */

/* Begin PBXCopyFilesBuildPhase section */
		DA9E4C8A1BFE702E00F14CF6 /* Embed Frameworks */ = {
			isa = PBXCopyFilesBuildPhase;
			buildActionMask = 2147483647;
			dstPath = "";
			dstSubfolderSpec = 10;
			files = (
				DA8648911C048B7E001858C2 /* MobileDeviceFingerprint.framework in Embed Frameworks */,
			);
			name = "Embed Frameworks";
			runOnlyForDeploymentPostprocessing = 0;
		};
/* End PBXCopyFilesBuildPhase section */

/* Begin PBXFileReference section */
		DA86488F1C048B75001858C2 /* MobileDeviceFingerprint.framework */ = {isa = PBXFileReference; lastKnownFileType = wrapper.framework; path = MobileDeviceFingerprint.framework; sourceTree = "<group>"; };
		DAEB414E1BF672E200B7C44B /* DeviceFingerprintMark1.app */ = {isa = PBXFileReference; explicitFileType = wrapper.application; includeInIndex = 0; path = DeviceFingerprintMark1.app; sourceTree = BUILT_PRODUCTS_DIR; };
		DAEB41511BF672E200B7C44B /* AppDelegate.swift */ = {isa = PBXFileReference; lastKnownFileType = sourcecode.swift; path = AppDelegate.swift; sourceTree = "<group>"; };
		DAEB41531BF672E200B7C44B /* ViewController.swift */ = {isa = PBXFileReference; lastKnownFileType = sourcecode.swift; path = ViewController.swift; sourceTree = "<group>"; };
		DAEB41561BF672E200B7C44B /* Base */ = {isa = PBXFileReference; lastKnownFileType = file.storyboard; name = Base; path = Base.lproj/Main.storyboard; sourceTree = "<group>"; };
		DAEB41581BF672E300B7C44B /* Assets.xcassets */ = {isa = PBXFileReference; lastKnownFileType = folder.assetcatalog; path = Assets.xcassets; sourceTree = "<group>"; };
		DAEB415B1BF672E300B7C44B /* Base */ = {isa = PBXFileReference; lastKnownFileType = file.storyboard; name = Base; path = Base.lproj/LaunchScreen.storyboard; sourceTree = "<group>"; };
		DAEB415D1BF672E300B7C44B /* Info.plist */ = {isa = PBXFileReference; lastKnownFileType = text.plist.xml; path = Info.plist; sourceTree = "<group>"; };
		DAEB41621BF672E300B7C44B /* DeviceFingerprintMark1Tests.xctest */ = {isa = PBXFileReference; explicitFileType = wrapper.cfbundle; includeInIndex = 0; path = DeviceFingerprintMark1Tests.xctest; sourceTree = BUILT_PRODUCTS_DIR; };
		DAEB41661BF672E300B7C44B /* DeviceFingerprintMark1Tests.swift */ = {isa = PBXFileReference; lastKnownFileType = sourcecode.swift; path = DeviceFingerprintMark1Tests.swift; sourceTree = "<group>"; };
		DAEB41681BF672E300B7C44B /* Info.plist */ = {isa = PBXFileReference; lastKnownFileType = text.plist.xml; path = Info.plist; sourceTree = "<group>"; };
		DAEB41731BFB50F800B7C44B /* DeviceGuru.swift */ = {isa = PBXFileReference; fileEncoding = 4; lastKnownFileType = sourcecode.swift; path = DeviceGuru.swift; sourceTree = "<group>"; };
/* End PBXFileReference section */

/* Begin PBXFrameworksBuildPhase section */
		DAEB414B1BF672E200B7C44B /* Frameworks */ = {
			isa = PBXFrameworksBuildPhase;
			buildActionMask = 2147483647;
			files = (
				DA8648901C048B75001858C2 /* MobileDeviceFingerprint.framework in Frameworks */,
			);
			runOnlyForDeploymentPostprocessing = 0;
		};
		DAEB415F1BF672E300B7C44B /* Frameworks */ = {
			isa = PBXFrameworksBuildPhase;
			buildActionMask = 2147483647;
			files = (
			);
			runOnlyForDeploymentPostprocessing = 0;
		};
/* End PBXFrameworksBuildPhase section */

/* Begin PBXGroup section */
		DAEB41451BF672E200B7C44B = {
			isa = PBXGroup;
			children = (
				DA86488F1C048B75001858C2 /* MobileDeviceFingerprint.framework */,
				DAEB41501BF672E200B7C44B /* DeviceFingerprintMark1 */,
				DAEB41651BF672E300B7C44B /* DeviceFingerprintMark1Tests */,
				DAEB414F1BF672E200B7C44B /* Products */,
			);
			sourceTree = "<group>";
		};
		DAEB414F1BF672E200B7C44B /* Products */ = {
			isa = PBXGroup;
			children = (
				DAEB414E1BF672E200B7C44B /* DeviceFingerprintMark1.app */,
				DAEB41621BF672E300B7C44B /* DeviceFingerprintMark1Tests.xctest */,
			);
			name = Products;
			sourceTree = "<group>";
		};
		DAEB41501BF672E200B7C44B /* DeviceFingerprintMark1 */ = {
			isa = PBXGroup;
			children = (
				DAEB41511BF672E200B7C44B /* AppDelegate.swift */,
				DAEB41531BF672E200B7C44B /* ViewController.swift */,
				DAEB41551BF672E200B7C44B /* Main.storyboard */,
				DAEB41581BF672E300B7C44B /* Assets.xcassets */,
				DAEB415A1BF672E300B7C44B /* LaunchScreen.storyboard */,
				DAEB415D1BF672E300B7C44B /* Info.plist */,
				DAEB41731BFB50F800B7C44B /* DeviceGuru.swift */,
			);
			path = DeviceFingerprintMark1;
			sourceTree = "<group>";
		};
		DAEB41651BF672E300B7C44B /* DeviceFingerprintMark1Tests */ = {
			isa = PBXGroup;
			children = (
				DAEB41661BF672E300B7C44B /* DeviceFingerprintMark1Tests.swift */,
				DAEB41681BF672E300B7C44B /* Info.plist */,
			);
			path = DeviceFingerprintMark1Tests;
			sourceTree = "<group>";
		};
/* End PBXGroup section */

/* Begin PBXNativeTarget section */
		DAEB414D1BF672E200B7C44B /* DeviceFingerprintMark1 */ = {
			isa = PBXNativeTarget;
			buildConfigurationList = DAEB416B1BF672E300B7C44B /* Build configuration list for PBXNativeTarget "DeviceFingerprintMark1" */;
			buildPhases = (
				DAEB414A1BF672E200B7C44B /* Sources */,
				DAEB414B1BF672E200B7C44B /* Frameworks */,
				DAEB414C1BF672E200B7C44B /* Resources */,
				DA9E4C8A1BFE702E00F14CF6 /* Embed Frameworks */,
			);
			buildRules = (
			);
			dependencies = (
			);
			name = DeviceFingerprintMark1;
			productName = DeviceFingerprintMark1;
			productReference = DAEB414E1BF672E200B7C44B /* DeviceFingerprintMark1.app */;
			productType = "com.apple.product-type.application";
		};
		DAEB41611BF672E300B7C44B /* DeviceFingerprintMark1Tests */ = {
			isa = PBXNativeTarget;
			buildConfigurationList = DAEB416E1BF672E300B7C44B /* Build configuration list for PBXNativeTarget "DeviceFingerprintMark1Tests" */;
			buildPhases = (
				DAEB415E1BF672E300B7C44B /* Sources */,
				DAEB415F1BF672E300B7C44B /* Frameworks */,
				DAEB41601BF672E300B7C44B /* Resources */,
			);
			buildRules = (
			);
			dependencies = (
				DAEB41641BF672E300B7C44B /* PBXTargetDependency */,
			);
			name = DeviceFingerprintMark1Tests;
			productName = DeviceFingerprintMark1Tests;
			productReference = DAEB41621BF672E300B7C44B /* DeviceFingerprintMark1Tests.xctest */;
			productType = "com.apple.product-type.bundle.unit-test";
		};
/* End PBXNativeTarget section */

/* Begin PBXProject section */
		DAEB41461BF672E200B7C44B /* Project object */ = {
			isa = PBXProject;
			attributes = {
				LastSwiftUpdateCheck = 0710;
				LastUpgradeCheck = 0710;
				ORGANIZATIONNAME = "Anderson Keiji Matsuki Ito";
				TargetAttributes = {
					DAEB414D1BF672E200B7C44B = {
						CreatedOnToolsVersion = 7.1;
						DevelopmentTeam = TLYGB465CT;
						SystemCapabilities = {
							com.apple.Maps.iOS = {
								enabled = 0;
							};
						};
					};
					DAEB41611BF672E300B7C44B = {
						CreatedOnToolsVersion = 7.1;
						DevelopmentTeam = TLYGB465CT;
						TestTargetID = DAEB414D1BF672E200B7C44B;
					};
				};
			};
			buildConfigurationList = DAEB41491BF672E200B7C44B /* Build configuration list for PBXProject "DeviceFingerprintMark1" */;
			compatibilityVersion = "Xcode 6.3";
			developmentRegion = English;
			hasScannedForEncodings = 0;
			knownRegions = (
				en,
				Base,
			);
			mainGroup = DAEB41451BF672E200B7C44B;
			productRefGroup = DAEB414F1BF672E200B7C44B /* Products */;
			projectDirPath = "";
			projectRoot = "";
			targets = (
				DAEB414D1BF672E200B7C44B /* DeviceFingerprintMark1 */,
				DAEB41611BF672E300B7C44B /* DeviceFingerprintMark1Tests */,
			);
		};
/* End PBXProject section */

/* Begin PBXResourcesBuildPhase section */
		DAEB414C1BF672E200B7C44B /* Resources */ = {
			isa = PBXResourcesBuildPhase;
			buildActionMask = 2147483647;
			files = (
				DAEB415C1BF672E300B7C44B /* LaunchScreen.storyboard in Resources */,
				DAEB41591BF672E300B7C44B /* Assets.xcassets in Resources */,
				DAEB41571BF672E200B7C44B /* Main.storyboard in Resources */,
			);
			runOnlyForDeploymentPostprocessing = 0;
		};
		DAEB41601BF672E300B7C44B /* Resources */ = {
			isa = PBXResourcesBuildPhase;
			buildActionMask = 2147483647;
			files = (
			);
			runOnlyForDeploymentPostprocessing = 0;
		};
/* End PBXResourcesBuildPhase section */

/* Begin PBXSourcesBuildPhase section */
		DAEB414A1BF672E200B7C44B /* Sources */ = {
			isa = PBXSourcesBuildPhase;
			buildActionMask = 2147483647;
			files = (
				DAEB41741BFB50F800B7C44B /* DeviceGuru.swift in Sources */,
				DAEB41541BF672E200B7C44B /* ViewController.swift in Sources */,
				DAEB41521BF672E200B7C44B /* AppDelegate.swift in Sources */,
			);
			runOnlyForDeploymentPostprocessing = 0;
		};
		DAEB415E1BF672E300B7C44B /* Sources */ = {
			isa = PBXSourcesBuildPhase;
			buildActionMask = 2147483647;
			files = (
				DAEB41671BF672E300B7C44B /* DeviceFingerprintMark1Tests.swift in Sources */,
			);
			runOnlyForDeploymentPostprocessing = 0;
		};
/* End PBXSourcesBuildPhase section */

/* Begin PBXTargetDependency section */
		DAEB41641BF672E300B7C44B /* PBXTargetDependency */ = {
			isa = PBXTargetDependency;
			target = DAEB414D1BF672E200B7C44B /* DeviceFingerprintMark1 */;
			targetProxy = DAEB41631BF672E300B7C44B /* PBXContainerItemProxy */;
		};
/* End PBXTargetDependency section */

/* Begin PBXVariantGroup section */
		DAEB41551BF672E200B7C44B /* Main.storyboard */ = {
			isa = PBXVariantGroup;
			children = (
				DAEB41561BF672E200B7C44B /* Base */,
			);
			name = Main.storyboard;
			sourceTree = "<group>";
		};
		DAEB415A1BF672E300B7C44B /* LaunchScreen.storyboard */ = {
			isa = PBXVariantGroup;
			children = (
				DAEB415B1BF672E300B7C44B /* Base */,
			);
			name = LaunchScreen.storyboard;
			sourceTree = "<group>";
		};
/* End PBXVariantGroup section */

/* Begin XCBuildConfiguration section */
		DAEB41691BF672E300B7C44B /* Debug */ = {
			isa = XCBuildConfiguration;
			buildSettings = {
				ALWAYS_SEARCH_USER_PATHS = NO;
				CLANG_CXX_LANGUAGE_STANDARD = "gnu++0x";
				CLANG_CXX_LIBRARY = "libc++";
				CLANG_ENABLE_MODULES = YES;
				CLANG_ENABLE_OBJC_ARC = YES;
				CLANG_WARN_BOOL_CONVERSION = YES;
				CLANG_WARN_CONSTANT_CONVERSION = YES;
				CLANG_WARN_DIRECT_OBJC_ISA_USAGE = YES_ERROR;
				CLANG_WARN_EMPTY_BODY = YES;
				CLANG_WARN_ENUM_CONVERSION = YES;
				CLANG_WARN_INT_CONVERSION = YES;
				CLANG_WARN_OBJC_ROOT_CLASS = YES_ERROR;
				CLANG_WARN_UNREACHABLE_CODE = YES;
				CLANG_WARN__DUPLICATE_METHOD_MATCH = YES;
				"CODE_SIGN_IDENTITY[sdk=iphoneos*]" = "iPhone Developer";
				COPY_PHASE_STRIP = NO;
				DEBUG_INFORMATION_FORMAT = dwarf;
				ENABLE_STRICT_OBJC_MSGSEND = YES;
				ENABLE_TESTABILITY = YES;
				GCC_C_LANGUAGE_STANDARD = gnu99;
				GCC_DYNAMIC_NO_PIC = NO;
				GCC_NO_COMMON_BLOCKS = YES;
				GCC_OPTIMIZATION_LEVEL = 0;
				GCC_PREPROCESSOR_DEFINITIONS = (
					"DEBUG=1",
					"$(inherited)",
				);
				GCC_WARN_64_TO_32_BIT_CONVERSION = YES;
				GCC_WARN_ABOUT_RETURN_TYPE = YES_ERROR;
				GCC_WARN_UNDECLARED_SELECTOR = YES;
				GCC_WARN_UNINITIALIZED_AUTOS = YES_AGGRESSIVE;
				GCC_WARN_UNUSED_FUNCTION = YES;
				GCC_WARN_UNUSED_VARIABLE = YES;
				IPHONEOS_DEPLOYMENT_TARGET = 9.1;
				MTL_ENABLE_DEBUG_INFO = YES;
				ONLY_ACTIVE_ARCH = YES;
				SDKROOT = iphoneos;
				SWIFT_OPTIMIZATION_LEVEL = "-Onone";
				TARGETED_DEVICE_FAMILY = "1,2";
			};
			name = Debug;
		};
		DAEB416A1BF672E300B7C44B /* Release */ = {
			isa = XCBuildConfiguration;
			buildSettings = {
				ALWAYS_SEARCH_USER_PATHS = NO;
				CLANG_CXX_LANGUAGE_STANDARD = "gnu++0x";
				CLANG_CXX_LIBRARY = "libc++";
				CLANG_ENABLE_MODULES = YES;
				CLANG_ENABLE_OBJC_ARC = YES;
				CLANG_WARN_BOOL_CONVERSION = YES;
				CLANG_WARN_CONSTANT_CONVERSION = YES;
				CLANG_WARN_DIRECT_OBJC_ISA_USAGE = YES_ERROR;
				CLANG_WARN_EMPTY_BODY = YES;
				CLANG_WARN_ENUM_CONVERSION = YES;
				CLANG_WARN_INT_CONVERSION = YES;
				CLANG_WARN_OBJC_ROOT_CLASS = YES_ERROR;
				CLANG_WARN_UNREACHABLE_CODE = YES;
				CLANG_WARN__DUPLICATE_METHOD_MATCH = YES;
				"CODE_SIGN_IDENTITY[sdk=iphoneos*]" = "iPhone Developer";
				COPY_PHASE_STRIP = NO;
				DEBUG_INFORMATION_FORMAT = "dwarf-with-dsym";
				ENABLE_NS_ASSERTIONS = NO;
				ENABLE_STRICT_OBJC_MSGSEND = YES;
				GCC_C_LANGUAGE_STANDARD = gnu99;
				GCC_NO_COMMON_BLOCKS = YES;
				GCC_WARN_64_TO_32_BIT_CONVERSION = YES;
				GCC_WARN_ABOUT_RETURN_TYPE = YES_ERROR;
				GCC_WARN_UNDECLARED_SELECTOR = YES;
				GCC_WARN_UNINITIALIZED_AUTOS = YES_AGGRESSIVE;
				GCC_WARN_UNUSED_FUNCTION = YES;
				GCC_WARN_UNUSED_VARIABLE = YES;
				IPHONEOS_DEPLOYMENT_TARGET = 9.1;
				MTL_ENABLE_DEBUG_INFO = NO;
				SDKROOT = iphoneos;
				TARGETED_DEVICE_FAMILY = "1,2";
				VALIDATE_PRODUCT = YES;
			};
			name = Release;
		};
		DAEB416C1BF672E300B7C44B /* Debug */ = {
			isa = XCBuildConfiguration;
			buildSettings = {
				ASSETCATALOG_COMPILER_APPICON_NAME = AppIcon;
				CODE_SIGN_IDENTITY = "iPhone Developer";
				"CODE_SIGN_IDENTITY[sdk=iphoneos*]" = "iPhone Developer";
				FRAMEWORK_SEARCH_PATHS = (
					"$(inherited)",
					"$(PROJECT_DIR)",
				);
				INFOPLIST_FILE = DeviceFingerprintMark1/Info.plist;
				IPHONEOS_DEPLOYMENT_TARGET = 8.0;
				LD_RUNPATH_SEARCH_PATHS = "$(inherited) @executable_path/Frameworks";
				PRODUCT_BUNDLE_IDENTIFIER = org.sharpsw.DeviceFingerprintMark1;
				PRODUCT_NAME = "$(TARGET_NAME)";
				PROVISIONING_PROFILE = "";
			};
			name = Debug;
		};
		DAEB416D1BF672E300B7C44B /* Release */ = {
			isa = XCBuildConfiguration;
			buildSettings = {
				ASSETCATALOG_COMPILER_APPICON_NAME = AppIcon;
				CODE_SIGN_IDENTITY = "iPhone Developer";
				"CODE_SIGN_IDENTITY[sdk=iphoneos*]" = "iPhone Developer";
				FRAMEWORK_SEARCH_PATHS = (
					"$(inherited)",
					"$(PROJECT_DIR)",
				);
				INFOPLIST_FILE = DeviceFingerprintMark1/Info.plist;
				IPHONEOS_DEPLOYMENT_TARGET = 8.0;
				LD_RUNPATH_SEARCH_PATHS = "$(inherited) @executable_path/Frameworks";
				PRODUCT_BUNDLE_IDENTIFIER = org.sharpsw.DeviceFingerprintMark1;
				PRODUCT_NAME = "$(TARGET_NAME)";
				PROVISIONING_PROFILE = "";
			};
			name = Release;
		};
		DAEB416F1BF672E300B7C44B /* Debug */ = {
			isa = XCBuildConfiguration;
			buildSettings = {
				BUNDLE_LOADER = "$(TEST_HOST)";
				INFOPLIST_FILE = DeviceFingerprintMark1Tests/Info.plist;
				LD_RUNPATH_SEARCH_PATHS = "$(inherited) @executable_path/Frameworks @loader_path/Frameworks";
				PRODUCT_BUNDLE_IDENTIFIER = org.sharpsw.DeviceFingerprintMark1Tests;
				PRODUCT_NAME = "$(TARGET_NAME)";
				TEST_HOST = "$(BUILT_PRODUCTS_DIR)/DeviceFingerprintMark1.app/DeviceFingerprintMark1";
			};
			name = Debug;
		};
		DAEB41701BF672E300B7C44B /* Release */ = {
			isa = XCBuildConfiguration;
			buildSettings = {
				BUNDLE_LOADER = "$(TEST_HOST)";
				INFOPLIST_FILE = DeviceFingerprintMark1Tests/Info.plist;
				LD_RUNPATH_SEARCH_PATHS = "$(inherited) @executable_path/Frameworks @loader_path/Frameworks";
				PRODUCT_BUNDLE_IDENTIFIER = org.sharpsw.DeviceFingerprintMark1Tests;
				PRODUCT_NAME = "$(TARGET_NAME)";
				TEST_HOST = "$(BUILT_PRODUCTS_DIR)/DeviceFingerprintMark1.app/DeviceFingerprintMark1";
			};
			name = Release;
		};
/* End XCBuildConfiguration section */

/* Begin XCConfigurationList section */
		DAEB41491BF672E200B7C44B /* Build configuration list for PBXProject "DeviceFingerprintMark1" */ = {
			isa = XCConfigurationList;
			buildConfigurations = (
				DAEB41691BF672E300B7C44B /* Debug */,
				DAEB416A1BF672E300B7C44B /* Release */,
			);
			defaultConfigurationIsVisible = 0;
			defaultConfigurationName = Release;
		};
		DAEB416B1BF672E300B7C44B /* Build configuration list for PBXNativeTarget "DeviceFingerprintMark1" */ = {
			isa = XCConfigurationList;
			buildConfigurations = (
				DAEB416C1BF672E300B7C44B /* Debug */,
				DAEB416D1BF672E300B7C44B /* Release */,
			);
			defaultConfigurationIsVisible = 0;
			defaultConfigurationName = Release;
		};
		DAEB416E1BF672E300B7C44B /* Build configuration list for PBXNativeTarget "DeviceFingerprintMark1Tests" */ = {
			isa = XCConfigurationList;
			buildConfigurations = (
				DAEB416F1BF672E300B7C44B /* Debug */,
				DAEB41701BF672E300B7C44B /* Release */,
			);
			defaultConfigurationIsVisible = 0;
			defaultConfigurationName = Release;
		};
/* End XCConfigurationList section */
	};
	rootObject = DAEB41461BF672E200B7C44B /* Project object */;
}
